<?xml version="1.0" encoding="utf-8"?>
<Project ToolsVersion="4.0" xmlns="http://schemas.microsoft.com/developer/msbuild/2003">
  <ItemGroup>
    <Filter Include="소스 파일">
      <UniqueIdentifier>{4FC737F1-C7A5-4376-A066-2A32D752A2FF}</UniqueIdentifier>
      <Extensions>cpp;c;cc;cxx;c++;cppm;ixx;def;odl;idl;hpj;bat;asm;asmx</Extensions>
    </Filter>
    <Filter Include="헤더 파일">
      <UniqueIdentifier>{93995380-89BD-4b04-88EB-625FBE52EBFB}</UniqueIdentifier>
      <Extensions>h;hh;hpp;hxx;h++;hm;inl;inc;ipp;xsd</Extensions>
    </Filter>
    <Filter Include="리소스 파일">
      <UniqueIdentifier>{67DA6AB6-F800-4c08-8B7A-83BB121AAD01}</UniqueIdentifier>
      <Extensions>rc;ico;cur;bmp;dlg;rc2;rct;bin;rgs;gif;jpg;jpeg;jpe;resx;tiff;tif;png;wav;mfcribbon-ms</Extensions>
    </Filter>
    <Filter Include="Protocol">
      <UniqueIdentifier>{bd758084-4ee3-4866-b507-34704f2942cb}</UniqueIdentifier>
    </Filter>
  </ItemGroup>
  <ItemGroup>
    <ClInclude Include="LobbyServer\protocol.h">
      <Filter>헤더 파일</Filter>
    </ClInclude>
    <ClInclude Include="LobbyServer\pch.h">
      <Filter>헤더 파일</Filter>
    </ClInclude>
    <ClInclude Include="LobbyServer\Common.h">
      <Filter>헤더 파일</Filter>
    </ClInclude>
    <ClInclude Include="LobbyServer\LoginManager.h">
      <Filter>헤더 파일</Filter>
    </ClInclude>
    <ClInclude Include="LobbyServer\iocpServerClass.h">
      <Filter>헤더 파일</Filter>
    </ClInclude>
    <ClInclude Include="LobbyServer\Room.h">
      <Filter>헤더 파일</Filter>
    </ClInclude>
    <ClInclude Include="LobbyServer\LStruct.pb.h">
      <Filter>Protocol</Filter>
    </ClInclude>
  </ItemGroup>
  <ItemGroup>
    <ClCompile Include="LobbyServer\iocpServerClass.cpp">
      <Filter>소스 파일</Filter>
    </ClCompile>
    <ClCompile Include="LobbyServer\Main.cpp">
      <Filter>소스 파일</Filter>
    </ClCompile>
    <ClCompile Include="LobbyServer\ProcessPacket.cpp">
      <Filter>소스 파일</Filter>
    </ClCompile>
    <ClCompile Include="LobbyServer\LoginManager.cpp">
      <Filter>소스 파일</Filter>
    </ClCompile>
    <ClCompile Include="LobbyServer\Room.cpp">
      <Filter>소스 파일</Filter>
    </ClCompile>
    <ClCompile Include="LobbyServer\LStruct.pb.cc">
      <Filter>Protocol</Filter>
    </ClCompile>
  </ItemGroup>
  <ItemGroup>
    <None Include="LobbyServer\Lstruct.proto">
      <Filter>Protocol</Filter>
    </None>
  </ItemGroup>
</Project>